
Microsoft Visual Studio Solution File, Format Version 12.00
# Visual Studio Version 17
VisualStudioVersion = 17.12.35527.113
MinimumVisualStudioVersion = 10.0.40219.1
Project("{2150E333-8FDC-42A3-9474-1A3956D46DE8}") = "Applications", "Applications", "{82A35238-E245-4DAB-A531-7762F987D22D}"
EndProject
Project("{2150E333-8FDC-42A3-9474-1A3956D46DE8}") = "LiBraries", "LiBraries", "{DADD4EF1-B906-4000-9643-990A08846BAB}"
EndProject
Project("{FAE04EC0-301F-11D3-BF4B-00C04F79EFBC}") = "SV21T1020152.Admin", "SV21T1020152.Admin\SV21T1020152.Admin.csproj", "{979A1640-3B8B-4289-BBA8-8F5B8DFF7C4B}"
EndProject
Project("{FAE04EC0-301F-11D3-BF4B-00C04F79EFBC}") = "SV21T1020152.DomainModels", "SV21T1020152.DomainModels\SV21T1020152.DomainModels.csproj", "{D8E2C7FA-651C-495F-BC5F-8497ABEEC113}"
EndProject
Project("{FAE04EC0-301F-11D3-BF4B-00C04F79EFBC}") = "SV21T1020152.DataLayers", "SV21T1020152.DataLayers\SV21T1020152.DataLayers.csproj", "{92BCB352-B062-4714-A0C0-21690A017095}"
EndProject
Project("{FAE04EC0-301F-11D3-BF4B-00C04F79EFBC}") = "SV21T1020152.BusinessLayers", "SV21T1020152.BusinessLayers\SV21T1020152.BusinessLayers.csproj", "{6A5C12D2-A506-47B6-94B0-2FD0A275BF89}"
EndProject
Project("{FAE04EC0-301F-11D3-BF4B-00C04F79EFBC}") = "SV21T1020152.Shop", "SV21T1020152.Shop\SV21T1020152.Shop.csproj", "{3FEC4AD4-29EA-46DB-8749-F05DE2F57009}"
EndProject
Global
	GlobalSection(SolutionConfigurationPlatforms) = preSolution
		Debug|Any CPU = Debug|Any CPU
		Release|Any CPU = Release|Any CPU
	EndGlobalSection
	GlobalSection(ProjectConfigurationPlatforms) = postSolution
		{979A1640-3B8B-4289-BBA8-8F5B8DFF7C4B}.Debug|Any CPU.ActiveCfg = Debug|Any CPU
		{979A1640-3B8B-4289-BBA8-8F5B8DFF7C4B}.Debug|Any CPU.Build.0 = Debug|Any CPU
		{979A1640-3B8B-4289-BBA8-8F5B8DFF7C4B}.Release|Any CPU.ActiveCfg = Release|Any CPU
		{979A1640-3B8B-4289-BBA8-8F5B8DFF7C4B}.Release|Any CPU.Build.0 = Release|Any CPU
		{D8E2C7FA-651C-495F-BC5F-8497ABEEC113}.Debug|Any CPU.ActiveCfg = Debug|Any CPU
		{D8E2C7FA-651C-495F-BC5F-8497ABEEC113}.Debug|Any CPU.Build.0 = Debug|Any CPU
		{D8E2C7FA-651C-495F-BC5F-8497ABEEC113}.Release|Any CPU.ActiveCfg = Release|Any CPU
		{D8E2C7FA-651C-495F-BC5F-8497ABEEC113}.Release|Any CPU.Build.0 = Release|Any CPU
		{92BCB352-B062-4714-A0C0-21690A017095}.Debug|Any CPU.ActiveCfg = Debug|Any CPU
		{92BCB352-B062-4714-A0C0-21690A017095}.Debug|Any CPU.Build.0 = Debug|Any CPU
		{92BCB352-B062-4714-A0C0-21690A017095}.Release|Any CPU.ActiveCfg = Release|Any CPU
		{92BCB352-B062-4714-A0C0-21690A017095}.Release|Any CPU.Build.0 = Release|Any CPU
		{6A5C12D2-A506-47B6-94B0-2FD0A275BF89}.Debug|Any CPU.ActiveCfg = Debug|Any CPU
		{6A5C12D2-A506-47B6-94B0-2FD0A275BF89}.Debug|Any CPU.Build.0 = Debug|Any CPU
		{6A5C12D2-A506-47B6-94B0-2FD0A275BF89}.Release|Any CPU.ActiveCfg = Release|Any CPU
		{6A5C12D2-A506-47B6-94B0-2FD0A275BF89}.Release|Any CPU.Build.0 = Release|Any CPU
		{3FEC4AD4-29EA-46DB-8749-F05DE2F57009}.Debug|Any CPU.ActiveCfg = Debug|Any CPU
		{3FEC4AD4-29EA-46DB-8749-F05DE2F57009}.Debug|Any CPU.Build.0 = Debug|Any CPU
		{3FEC4AD4-29EA-46DB-8749-F05DE2F57009}.Release|Any CPU.ActiveCfg = Release|Any CPU
		{3FEC4AD4-29EA-46DB-8749-F05DE2F57009}.Release|Any CPU.Build.0 = Release|Any CPU
	EndGlobalSection
	GlobalSection(SolutionProperties) = preSolution
		HideSolutionNode = FALSE
	EndGlobalSection
	GlobalSection(NestedProjects) = preSolution
		{979A1640-3B8B-4289-BBA8-8F5B8DFF7C4B} = {82A35238-E245-4DAB-A531-7762F987D22D}
		{D8E2C7FA-651C-495F-BC5F-8497ABEEC113} = {DADD4EF1-B906-4000-9643-990A08846BAB}
		{92BCB352-B062-4714-A0C0-21690A017095} = {DADD4EF1-B906-4000-9643-990A08846BAB}
		{6A5C12D2-A506-47B6-94B0-2FD0A275BF89} = {DADD4EF1-B906-4000-9643-990A08846BAB}
		{3FEC4AD4-29EA-46DB-8749-F05DE2F57009} = {82A35238-E245-4DAB-A531-7762F987D22D}
	EndGlobalSection
EndGlobal
